
Microsoft Visual Studio Solution File, Format Version 12.00
# Visual Studio Version 16
VisualStudioVersion = 16.0.32126.315
MinimumVisualStudioVersion = 10.0.40219.1
Project("{888888A0-9F3D-457C-B088-3A5042F75D52}") = "4.Two squares game", "4.Two squares game.pyproj", "{A90F9419-7D0D-47DC-A875-6CCECAA22B87}"
EndProject
Global
	GlobalSection(SolutionConfigurationPlatforms) = preSolution
		Debug|Any CPU = Debug|Any CPU
		Release|Any CPU = Release|Any CPU
	EndGlobalSection
	GlobalSection(ProjectConfigurationPlatforms) = postSolution
		{A90F9419-7D0D-47DC-A875-6CCECAA22B87}.Debug|Any CPU.ActiveCfg = Debug|Any CPU
		{A90F9419-7D0D-47DC-A875-6CCECAA22B87}.Release|Any CPU.ActiveCfg = Release|Any CPU
	EndGlobalSection
	GlobalSection(SolutionProperties) = preSolution
		HideSolutionNode = FALSE
	EndGlobalSection
	GlobalSection(ExtensibilityGlobals) = postSolution
		SolutionGuid = {D17A626D-5A84-46B5-8CE2-CC01C101EB73}
	EndGlobalSection
EndGlobal
